// !$*UTF8*$!
{
	archiveVersion = 1;
	classes = {
	};
	objectVersion = 46;
	objects = {

/* Begin PBXBuildFile section */
		1620D8121AFBC7080086F7E1 /* AppDelegate.swift in Sources */ = {isa = PBXBuildFile; fileRef = 1620D8111AFBC7080086F7E1 /* AppDelegate.swift */; };
		1620D8171AFBC7080086F7E1 /* Main.storyboard in Resources */ = {isa = PBXBuildFile; fileRef = 1620D8151AFBC7080086F7E1 /* Main.storyboard */; };
		1620D8191AFBC7080086F7E1 /* Images.xcassets in Resources */ = {isa = PBXBuildFile; fileRef = 1620D8181AFBC7080086F7E1 /* Images.xcassets */; };
		1620D81C1AFBC7080086F7E1 /* LaunchScreen.xib in Resources */ = {isa = PBXBuildFile; fileRef = 1620D81A1AFBC7080086F7E1 /* LaunchScreen.xib */; };
		1620D8281AFBC7080086F7E1 /* GazpachoTests.swift in Sources */ = {isa = PBXBuildFile; fileRef = 1620D8271AFBC7080086F7E1 /* GazpachoTests.swift */; };
		27026886C7344600F2BDA80B /* libPods-Gazpacho.a in Frameworks */ = {isa = PBXBuildFile; fileRef = A1FBE337FF5705CB7E736927 /* libPods-Gazpacho.a */; };
/* End PBXBuildFile section */

/* Begin PBXContainerItemProxy section */
		1620D8221AFBC7080086F7E1 /* PBXContainerItemProxy */ = {
			isa = PBXContainerItemProxy;
			containerPortal = 1620D8041AFBC7080086F7E1 /* Project object */;
			proxyType = 1;
			remoteGlobalIDString = 1620D80B1AFBC7080086F7E1;
			remoteInfo = Gazpacho;
		};
/* End PBXContainerItemProxy section */

/* Begin PBXFileReference section */
		1620D80C1AFBC7080086F7E1 /* Gazpacho.app */ = {isa = PBXFileReference; explicitFileType = wrapper.application; includeInIndex = 0; path = Gazpacho.app; sourceTree = BUILT_PRODUCTS_DIR; };
		1620D8101AFBC7080086F7E1 /* Info.plist */ = {isa = PBXFileReference; lastKnownFileType = text.plist.xml; path = Info.plist; sourceTree = "<group>"; };
		1620D8111AFBC7080086F7E1 /* AppDelegate.swift */ = {isa = PBXFileReference; lastKnownFileType = sourcecode.swift; path = AppDelegate.swift; sourceTree = "<group>"; };
		1620D8161AFBC7080086F7E1 /* Base */ = {isa = PBXFileReference; lastKnownFileType = file.storyboard; name = Base; path = Base.lproj/Main.storyboard; sourceTree = "<group>"; };
		1620D8181AFBC7080086F7E1 /* Images.xcassets */ = {isa = PBXFileReference; lastKnownFileType = folder.assetcatalog; path = Images.xcassets; sourceTree = "<group>"; };
		1620D81B1AFBC7080086F7E1 /* Base */ = {isa = PBXFileReference; lastKnownFileType = file.xib; name = Base; path = Base.lproj/LaunchScreen.xib; sourceTree = "<group>"; };
		1620D8211AFBC7080086F7E1 /* GazpachoTests.xctest */ = {isa = PBXFileReference; explicitFileType = wrapper.cfbundle; includeInIndex = 0; path = GazpachoTests.xctest; sourceTree = BUILT_PRODUCTS_DIR; };
		1620D8261AFBC7080086F7E1 /* Info.plist */ = {isa = PBXFileReference; lastKnownFileType = text.plist.xml; path = Info.plist; sourceTree = "<group>"; };
		1620D8271AFBC7080086F7E1 /* GazpachoTests.swift */ = {isa = PBXFileReference; lastKnownFileType = sourcecode.swift; path = GazpachoTests.swift; sourceTree = "<group>"; };
		636DC7B97E3C99540850CACD /* Pods-Gazpacho.release.xcconfig */ = {isa = PBXFileReference; includeInIndex = 1; lastKnownFileType = text.xcconfig; name = "Pods-Gazpacho.release.xcconfig"; path = "Pods/Target Support Files/Pods-Gazpacho/Pods-Gazpacho.release.xcconfig"; sourceTree = "<group>"; };
		A1FBE337FF5705CB7E736927 /* libPods-Gazpacho.a */ = {isa = PBXFileReference; explicitFileType = archive.ar; includeInIndex = 0; path = "libPods-Gazpacho.a"; sourceTree = BUILT_PRODUCTS_DIR; };
		CDC3F4AEA7AA297DE76C62CB /* Pods-Gazpacho.debug.xcconfig */ = {isa = PBXFileReference; includeInIndex = 1; lastKnownFileType = text.xcconfig; name = "Pods-Gazpacho.debug.xcconfig"; path = "Pods/Target Support Files/Pods-Gazpacho/Pods-Gazpacho.debug.xcconfig"; sourceTree = "<group>"; };
/* End PBXFileReference section */

/* Begin PBXFrameworksBuildPhase section */
		1620D8091AFBC7080086F7E1 /* Frameworks */ = {
			isa = PBXFrameworksBuildPhase;
			buildActionMask = 2147483647;
			files = (
				27026886C7344600F2BDA80B /* libPods-Gazpacho.a in Frameworks */,
			);
			runOnlyForDeploymentPostprocessing = 0;
		};
		1620D81E1AFBC7080086F7E1 /* Frameworks */ = {
			isa = PBXFrameworksBuildPhase;
			buildActionMask = 2147483647;
			files = (
			);
			runOnlyForDeploymentPostprocessing = 0;
		};
/* End PBXFrameworksBuildPhase section */

/* Begin PBXGroup section */
		04D2B4C16C83ACCC432DBEBD /* Pods */ = {
			isa = PBXGroup;
			children = (
				CDC3F4AEA7AA297DE76C62CB /* Pods-Gazpacho.debug.xcconfig */,
				636DC7B97E3C99540850CACD /* Pods-Gazpacho.release.xcconfig */,
			);
			name = Pods;
			sourceTree = "<group>";
		};
		1620D8031AFBC7080086F7E1 = {
			isa = PBXGroup;
			children = (
				1620D80E1AFBC7080086F7E1 /* Gazpacho */,
				1620D8241AFBC7080086F7E1 /* GazpachoTests */,
				1620D80D1AFBC7080086F7E1 /* Products */,
				04D2B4C16C83ACCC432DBEBD /* Pods */,
				19EC7D56E4C3AE5F9A19B0C6 /* Frameworks */,
			);
			sourceTree = "<group>";
		};
		1620D80D1AFBC7080086F7E1 /* Products */ = {
			isa = PBXGroup;
			children = (
				1620D80C1AFBC7080086F7E1 /* Gazpacho.app */,
				1620D8211AFBC7080086F7E1 /* GazpachoTests.xctest */,
			);
			name = Products;
			sourceTree = "<group>";
		};
		1620D80E1AFBC7080086F7E1 /* Gazpacho */ = {
			isa = PBXGroup;
			children = (
				1620D8111AFBC7080086F7E1 /* AppDelegate.swift */,
				1620D8151AFBC7080086F7E1 /* Main.storyboard */,
				1620D8181AFBC7080086F7E1 /* Images.xcassets */,
				1620D81A1AFBC7080086F7E1 /* LaunchScreen.xib */,
				1620D80F1AFBC7080086F7E1 /* Supporting Files */,
			);
			path = Gazpacho;
			sourceTree = "<group>";
		};
		1620D80F1AFBC7080086F7E1 /* Supporting Files */ = {
			isa = PBXGroup;
			children = (
				1620D8101AFBC7080086F7E1 /* Info.plist */,
			);
			name = "Supporting Files";
			sourceTree = "<group>";
		};
		1620D8241AFBC7080086F7E1 /* GazpachoTests */ = {
			isa = PBXGroup;
			children = (
				1620D8271AFBC7080086F7E1 /* GazpachoTests.swift */,
				1620D8251AFBC7080086F7E1 /* Supporting Files */,
			);
			path = GazpachoTests;
			sourceTree = "<group>";
		};
		1620D8251AFBC7080086F7E1 /* Supporting Files */ = {
			isa = PBXGroup;
			children = (
				1620D8261AFBC7080086F7E1 /* Info.plist */,
			);
			name = "Supporting Files";
			sourceTree = "<group>";
		};
		19EC7D56E4C3AE5F9A19B0C6 /* Frameworks */ = {
			isa = PBXGroup;
			children = (
				A1FBE337FF5705CB7E736927 /* libPods-Gazpacho.a */,
			);
			name = Frameworks;
			sourceTree = "<group>";
		};
/* End PBXGroup section */

/* Begin PBXNativeTarget section */
		1620D80B1AFBC7080086F7E1 /* Gazpacho */ = {
			isa = PBXNativeTarget;
			buildConfigurationList = 1620D82B1AFBC7080086F7E1 /* Build configuration list for PBXNativeTarget "Gazpacho" */;
			buildPhases = (
				B8BD174BDAF536A1EED4B609 /* Check Pods Manifest.lock */,
				1620D8081AFBC7080086F7E1 /* Sources */,
				1620D8091AFBC7080086F7E1 /* Frameworks */,
				1620D80A1AFBC7080086F7E1 /* Resources */,
				CBFD13BC6D33AEDE61CFAEF6 /* Copy Pods Resources */,
			);
			buildRules = (
			);
			dependencies = (
			);
			name = Gazpacho;
			productName = Gazpacho;
			productReference = 1620D80C1AFBC7080086F7E1 /* Gazpacho.app */;
			productType = "com.apple.product-type.application";
		};
		1620D8201AFBC7080086F7E1 /* GazpachoTests */ = {
			isa = PBXNativeTarget;
			buildConfigurationList = 1620D82E1AFBC7080086F7E1 /* Build configuration list for PBXNativeTarget "GazpachoTests" */;
			buildPhases = (
				1620D81D1AFBC7080086F7E1 /* Sources */,
				1620D81E1AFBC7080086F7E1 /* Frameworks */,
				1620D81F1AFBC7080086F7E1 /* Resources */,
			);
			buildRules = (
			);
			dependencies = (
				1620D8231AFBC7080086F7E1 /* PBXTargetDependency */,
			);
			name = GazpachoTests;
			productName = GazpachoTests;
			productReference = 1620D8211AFBC7080086F7E1 /* GazpachoTests.xctest */;
			productType = "com.apple.product-type.bundle.unit-test";
		};
/* End PBXNativeTarget section */

/* Begin PBXProject section */
		1620D8041AFBC7080086F7E1 /* Project object */ = {
			isa = PBXProject;
			attributes = {
				LastUpgradeCheck = 0630;
				ORGANIZATIONNAME = "Twister Labs, LLC";
				TargetAttributes = {
					1620D80B1AFBC7080086F7E1 = {
						CreatedOnToolsVersion = 6.3.1;
					};
					1620D8201AFBC7080086F7E1 = {
						CreatedOnToolsVersion = 6.3.1;
						TestTargetID = 1620D80B1AFBC7080086F7E1;
					};
				};
			};
			buildConfigurationList = 1620D8071AFBC7080086F7E1 /* Build configuration list for PBXProject "Gazpacho" */;
			compatibilityVersion = "Xcode 3.2";
			developmentRegion = English;
			hasScannedForEncodings = 0;
			knownRegions = (
				en,
				Base,
			);
			mainGroup = 1620D8031AFBC7080086F7E1;
			productRefGroup = 1620D80D1AFBC7080086F7E1 /* Products */;
			projectDirPath = "";
			projectRoot = "";
			targets = (
				1620D80B1AFBC7080086F7E1 /* Gazpacho */,
				1620D8201AFBC7080086F7E1 /* GazpachoTests */,
			);
		};
/* End PBXProject section */

/* Begin PBXResourcesBuildPhase section */
		1620D80A1AFBC7080086F7E1 /* Resources */ = {
			isa = PBXResourcesBuildPhase;
			buildActionMask = 2147483647;
			files = (
				1620D8171AFBC7080086F7E1 /* Main.storyboard in Resources */,
				1620D81C1AFBC7080086F7E1 /* LaunchScreen.xib in Resources */,
				1620D8191AFBC7080086F7E1 /* Images.xcassets in Resources */,
			);
			runOnlyForDeploymentPostprocessing = 0;
		};
		1620D81F1AFBC7080086F7E1 /* Resources */ = {
			isa = PBXResourcesBuildPhase;
			buildActionMask = 2147483647;
			files = (
			);
			runOnlyForDeploymentPostprocessing = 0;
		};
/* End PBXResourcesBuildPhase section */

/* Begin PBXShellScriptBuildPhase section */
		B8BD174BDAF536A1EED4B609 /* Check Pods Manifest.lock */ = {
			isa = PBXShellScriptBuildPhase;
			buildActionMask = 2147483647;
			files = (
			);
			inputPaths = (
			);
			name = "Check Pods Manifest.lock";
			outputPaths = (
			);
			runOnlyForDeploymentPostprocessing = 0;
			shellPath = /bin/sh;
			shellScript = "diff \"${PODS_ROOT}/../Podfile.lock\" \"${PODS_ROOT}/Manifest.lock\" > /dev/null\nif [[ $? != 0 ]] ; then\n    cat << EOM\nerror: The sandbox is not in sync with the Podfile.lock. Run 'pod install' or update your CocoaPods installation.\nEOM\n    exit 1\nfi\n";
			showEnvVarsInLog = 0;
		};
		CBFD13BC6D33AEDE61CFAEF6 /* Copy Pods Resources */ = {
			isa = PBXShellScriptBuildPhase;
			buildActionMask = 2147483647;
			files = (
			);
			inputPaths = (
			);
			name = "Copy Pods Resources";
			outputPaths = (
			);
			runOnlyForDeploymentPostprocessing = 0;
			shellPath = /bin/sh;
			shellScript = "\"${SRCROOT}/Pods/Target Support Files/Pods-Gazpacho/Pods-Gazpacho-resources.sh\"\n";
			showEnvVarsInLog = 0;
		};
/* End PBXShellScriptBuildPhase section */

/* Begin PBXSourcesBuildPhase section */
		1620D8081AFBC7080086F7E1 /* Sources */ = {
			isa = PBXSourcesBuildPhase;
			buildActionMask = 2147483647;
			files = (
				1620D8121AFBC7080086F7E1 /* AppDelegate.swift in Sources */,
			);
			runOnlyForDeploymentPostprocessing = 0;
		};
		1620D81D1AFBC7080086F7E1 /* Sources */ = {
			isa = PBXSourcesBuildPhase;
			buildActionMask = 2147483647;
			files = (
				1620D8281AFBC7080086F7E1 /* GazpachoTests.swift in Sources */,
			);
			runOnlyForDeploymentPostprocessing = 0;
		};
/* End PBXSourcesBuildPhase section */

/* Begin PBXTargetDependency section */
		1620D8231AFBC7080086F7E1 /* PBXTargetDependency */ = {
			isa = PBXTargetDependency;
			target = 1620D80B1AFBC7080086F7E1 /* Gazpacho */;
			targetProxy = 1620D8221AFBC7080086F7E1 /* PBXContainerItemProxy */;
		};
/* End PBXTargetDependency section */

/* Begin PBXVariantGroup section */
		1620D8151AFBC7080086F7E1 /* Main.storyboard */ = {
			isa = PBXVariantGroup;
			children = (
				1620D8161AFBC7080086F7E1 /* Base */,
			);
			name = Main.storyboard;
			sourceTree = "<group>";
		};
		1620D81A1AFBC7080086F7E1 /* LaunchScreen.xib */ = {
			isa = PBXVariantGroup;
			children = (
				1620D81B1AFBC7080086F7E1 /* Base */,
			);
			name = LaunchScreen.xib;
			sourceTree = "<group>";
		};
/* End PBXVariantGroup section */

/* Begin XCBuildConfiguration section */
		1620D8291AFBC7080086F7E1 /* Debug */ = {
			isa = XCBuildConfiguration;
			buildSettings = {
				ALWAYS_SEARCH_USER_PATHS = NO;
				CLANG_CXX_LANGUAGE_STANDARD = "gnu++0x";
				CLANG_CXX_LIBRARY = "libc++";
				CLANG_ENABLE_MODULES = YES;
				CLANG_ENABLE_OBJC_ARC = YES;
				CLANG_WARN_BOOL_CONVERSION = YES;
				CLANG_WARN_CONSTANT_CONVERSION = YES;
				CLANG_WARN_DIRECT_OBJC_ISA_USAGE = YES_ERROR;
				CLANG_WARN_EMPTY_BODY = YES;
				CLANG_WARN_ENUM_CONVERSION = YES;
				CLANG_WARN_INT_CONVERSION = YES;
				CLANG_WARN_OBJC_ROOT_CLASS = YES_ERROR;
				CLANG_WARN_UNREACHABLE_CODE = YES;
				CLANG_WARN__DUPLICATE_METHOD_MATCH = YES;
				"CODE_SIGN_IDENTITY[sdk=iphoneos*]" = "iPhone Developer";
				COPY_PHASE_STRIP = NO;
				DEBUG_INFORMATION_FORMAT = "dwarf-with-dsym";
				ENABLE_STRICT_OBJC_MSGSEND = YES;
				GCC_C_LANGUAGE_STANDARD = gnu99;
				GCC_DYNAMIC_NO_PIC = NO;
				GCC_NO_COMMON_BLOCKS = YES;
				GCC_OPTIMIZATION_LEVEL = 0;
				GCC_PREPROCESSOR_DEFINITIONS = (
					"DEBUG=1",
					"$(inherited)",
				);
				GCC_SYMBOLS_PRIVATE_EXTERN = NO;
				GCC_WARN_64_TO_32_BIT_CONVERSION = YES;
				GCC_WARN_ABOUT_RETURN_TYPE = YES_ERROR;
				GCC_WARN_UNDECLARED_SELECTOR = YES;
				GCC_WARN_UNINITIALIZED_AUTOS = YES_AGGRESSIVE;
				GCC_WARN_UNUSED_FUNCTION = YES;
				GCC_WARN_UNUSED_VARIABLE = YES;
				IPHONEOS_DEPLOYMENT_TARGET = 8.3;
				MTL_ENABLE_DEBUG_INFO = YES;
				ONLY_ACTIVE_ARCH = YES;
				SDKROOT = iphoneos;
				SWIFT_OPTIMIZATION_LEVEL = "-Onone";
				TARGETED_DEVICE_FAMILY = "1,2";
			};
			name = Debug;
		};
		1620D82A1AFBC7080086F7E1 /* Release */ = {
			isa = XCBuildConfiguration;
			buildSettings = {
				ALWAYS_SEARCH_USER_PATHS = NO;
				CLANG_CXX_LANGUAGE_STANDARD = "gnu++0x";
				CLANG_CXX_LIBRARY = "libc++";
				CLANG_ENABLE_MODULES = YES;
				CLANG_ENABLE_OBJC_ARC = YES;
				CLANG_WARN_BOOL_CONVERSION = YES;
				CLANG_WARN_CONSTANT_CONVERSION = YES;
				CLANG_WARN_DIRECT_OBJC_ISA_USAGE = YES_ERROR;
				CLANG_WARN_EMPTY_BODY = YES;
				CLANG_WARN_ENUM_CONVERSION = YES;
				CLANG_WARN_INT_CONVERSION = YES;
				CLANG_WARN_OBJC_ROOT_CLASS = YES_ERROR;
				CLANG_WARN_UNREACHABLE_CODE = YES;
				CLANG_WARN__DUPLICATE_METHOD_MATCH = YES;
				"CODE_SIGN_IDENTITY[sdk=iphoneos*]" = "iPhone Developer";
				COPY_PHASE_STRIP = NO;
				DEBUG_INFORMATION_FORMAT = "dwarf-with-dsym";
				ENABLE_NS_ASSERTIONS = NO;
				ENABLE_STRICT_OBJC_MSGSEND = YES;
				GCC_C_LANGUAGE_STANDARD = gnu99;
				GCC_NO_COMMON_BLOCKS = YES;
				GCC_WARN_64_TO_32_BIT_CONVERSION = YES;
				GCC_WARN_ABOUT_RETURN_TYPE = YES_ERROR;
				GCC_WARN_UNDECLARED_SELECTOR = YES;
				GCC_WARN_UNINITIALIZED_AUTOS = YES_AGGRESSIVE;
				GCC_WARN_UNUSED_FUNCTION = YES;
				GCC_WARN_UNUSED_VARIABLE = YES;
				IPHONEOS_DEPLOYMENT_TARGET = 8.3;
				MTL_ENABLE_DEBUG_INFO = NO;
				SDKROOT = iphoneos;
				TARGETED_DEVICE_FAMILY = "1,2";
				VALIDATE_PRODUCT = YES;
			};
			name = Release;
		};
		1620D82C1AFBC7080086F7E1 /* Debug */ = {
			isa = XCBuildConfiguration;
			baseConfigurationReference = CDC3F4AEA7AA297DE76C62CB /* Pods-Gazpacho.debug.xcconfig */;
			buildSettings = {
				ASSETCATALOG_COMPILER_APPICON_NAME = AppIcon;
				INFOPLIST_FILE = Gazpacho/Info.plist;
				LD_RUNPATH_SEARCH_PATHS = "$(inherited) @executable_path/Frameworks";
				PRODUCT_NAME = "$(TARGET_NAME)";
			};
			name = Debug;
		};
		1620D82D1AFBC7080086F7E1 /* Release */ = {
			isa = XCBuildConfiguration;
			baseConfigurationReference = 636DC7B97E3C99540850CACD /* Pods-Gazpacho.release.xcconfig */;
			buildSettings = {
				ASSETCATALOG_COMPILER_APPICON_NAME = AppIcon;
				INFOPLIST_FILE = Gazpacho/Info.plist;
				LD_RUNPATH_SEARCH_PATHS = "$(inherited) @executable_path/Frameworks";
				PRODUCT_NAME = "$(TARGET_NAME)";
			};
			name = Release;
		};
		1620D82F1AFBC7080086F7E1 /* Debug */ = {
			isa = XCBuildConfiguration;
			buildSettings = {
				BUNDLE_LOADER = "$(TEST_HOST)";
				FRAMEWORK_SEARCH_PATHS = (
					"$(SDKROOT)/Developer/Library/Frameworks",
					"$(inherited)",
				);
				GCC_PREPROCESSOR_DEFINITIONS = (
					"DEBUG=1",
					"$(inherited)",
				);
				INFOPLIST_FILE = GazpachoTests/Info.plist;
				LD_RUNPATH_SEARCH_PATHS = "$(inherited) @executable_path/Frameworks @loader_path/Frameworks";
				PRODUCT_NAME = "$(TARGET_NAME)";
				TEST_HOST = "$(BUILT_PRODUCTS_DIR)/Gazpacho.app/Gazpacho";
			};
			name = Debug;
		};
		1620D8301AFBC7080086F7E1 /* Release */ = {
			isa = XCBuildConfiguration;
			buildSettings = {
				BUNDLE_LOADER = "$(TEST_HOST)";
				FRAMEWORK_SEARCH_PATHS = (
					"$(SDKROOT)/Developer/Library/Frameworks",
					"$(inherited)",
				);
				INFOPLIST_FILE = GazpachoTests/Info.plist;
				LD_RUNPATH_SEARCH_PATHS = "$(inherited) @executable_path/Frameworks @loader_path/Frameworks";
				PRODUCT_NAME = "$(TARGET_NAME)";
				TEST_HOST = "$(BUILT_PRODUCTS_DIR)/Gazpacho.app/Gazpacho";
			};
			name = Release;
		};
/* End XCBuildConfiguration section */

/* Begin XCConfigurationList section */
		1620D8071AFBC7080086F7E1 /* Build configuration list for PBXProject "Gazpacho" */ = {
			isa = XCConfigurationList;
			buildConfigurations = (
				1620D8291AFBC7080086F7E1 /* Debug */,
				1620D82A1AFBC7080086F7E1 /* Release */,
			);
			defaultConfigurationIsVisible = 0;
			defaultConfigurationName = Release;
		};
		1620D82B1AFBC7080086F7E1 /* Build configuration list for PBXNativeTarget "Gazpacho" */ = {
			isa = XCConfigurationList;
			buildConfigurations = (
				1620D82C1AFBC7080086F7E1 /* Debug */,
				1620D82D1AFBC7080086F7E1 /* Release */,
			);
			defaultConfigurationIsVisible = 0;
			defaultConfigurationName = Release;
		};
		1620D82E1AFBC7080086F7E1 /* Build configuration list for PBXNativeTarget "GazpachoTests" */ = {
			isa = XCConfigurationList;
			buildConfigurations = (
				1620D82F1AFBC7080086F7E1 /* Debug */,
				1620D8301AFBC7080086F7E1 /* Release */,
			);
			defaultConfigurationIsVisible = 0;
			defaultConfigurationName = Release;
		};
/* End XCConfigurationList section */
	};
	rootObject = 1620D8041AFBC7080086F7E1 /* Project object */;
}
